
Microsoft Visual Studio Solution File, Format Version 12.00
# Visual Studio Version 17
VisualStudioVersion = 17.6.33723.286
MinimumVisualStudioVersion = 10.0.40219.1
Project("{FAE04EC0-301F-11D3-BF4B-00C04F79EFBC}") = "EventCraft.Api", "EventCraft.Api\EventCraft.Api.csproj", "{672B9A7A-BFE7-4EFD-A6AD-859EF7CE03D5}"
EndProject
Project("{FAE04EC0-301F-11D3-BF4B-00C04F79EFBC}") = "EventCraft.Application", "EventCraft.Application\EventCraft.Application.csproj", "{E87697C9-2076-4D72-B584-B388CDDEBF22}"
EndProject
Project("{FAE04EC0-301F-11D3-BF4B-00C04F79EFBC}") = "EventCraft.Domain", "EventCraft.Domain\EventCraft.Domain.csproj", "{F86A2348-B0B7-4C9C-A667-7348BCEE9A1F}"
EndProject
Project("{FAE04EC0-301F-11D3-BF4B-00C04F79EFBC}") = "EventCraft.Infrastructure", "EventCraft.Infrastructure\EventCraft.Infrastructure.csproj", "{EFA14A90-D5AD-408F-841A-C0ADAF409067}"
EndProject
Project("{FAE04EC0-301F-11D3-BF4B-00C04F79EFBC}") = "EventCraft.Workers", "EventCraft.Workers\EventCraft.Workers.csproj", "{14081A85-3CD7-4C78-8E27-91398D0E4D02}"
EndProject
Global
	GlobalSection(SolutionConfigurationPlatforms) = preSolution
		Debug|Any CPU = Debug|Any CPU
		Release|Any CPU = Release|Any CPU
	EndGlobalSection
	GlobalSection(ProjectConfigurationPlatforms) = postSolution
		{672B9A7A-BFE7-4EFD-A6AD-859EF7CE03D5}.Debug|Any CPU.ActiveCfg = Debug|Any CPU
		{672B9A7A-BFE7-4EFD-A6AD-859EF7CE03D5}.Debug|Any CPU.Build.0 = Debug|Any CPU
		{672B9A7A-BFE7-4EFD-A6AD-859EF7CE03D5}.Release|Any CPU.ActiveCfg = Release|Any CPU
		{672B9A7A-BFE7-4EFD-A6AD-859EF7CE03D5}.Release|Any CPU.Build.0 = Release|Any CPU
		{E87697C9-2076-4D72-B584-B388CDDEBF22}.Debug|Any CPU.ActiveCfg = Debug|Any CPU
		{E87697C9-2076-4D72-B584-B388CDDEBF22}.Debug|Any CPU.Build.0 = Debug|Any CPU
		{E87697C9-2076-4D72-B584-B388CDDEBF22}.Release|Any CPU.ActiveCfg = Release|Any CPU
		{E87697C9-2076-4D72-B584-B388CDDEBF22}.Release|Any CPU.Build.0 = Release|Any CPU
		{F86A2348-B0B7-4C9C-A667-7348BCEE9A1F}.Debug|Any CPU.ActiveCfg = Debug|Any CPU
		{F86A2348-B0B7-4C9C-A667-7348BCEE9A1F}.Debug|Any CPU.Build.0 = Debug|Any CPU
		{F86A2348-B0B7-4C9C-A667-7348BCEE9A1F}.Release|Any CPU.ActiveCfg = Release|Any CPU
		{F86A2348-B0B7-4C9C-A667-7348BCEE9A1F}.Release|Any CPU.Build.0 = Release|Any CPU
		{EFA14A90-D5AD-408F-841A-C0ADAF409067}.Debug|Any CPU.ActiveCfg = Debug|Any CPU
		{EFA14A90-D5AD-408F-841A-C0ADAF409067}.Debug|Any CPU.Build.0 = Debug|Any CPU
		{EFA14A90-D5AD-408F-841A-C0ADAF409067}.Release|Any CPU.ActiveCfg = Release|Any CPU
		{EFA14A90-D5AD-408F-841A-C0ADAF409067}.Release|Any CPU.Build.0 = Release|Any CPU
		{14081A85-3CD7-4C78-8E27-91398D0E4D02}.Debug|Any CPU.ActiveCfg = Debug|Any CPU
		{14081A85-3CD7-4C78-8E27-91398D0E4D02}.Debug|Any CPU.Build.0 = Debug|Any CPU
		{14081A85-3CD7-4C78-8E27-91398D0E4D02}.Release|Any CPU.ActiveCfg = Release|Any CPU
		{14081A85-3CD7-4C78-8E27-91398D0E4D02}.Release|Any CPU.Build.0 = Release|Any CPU
	EndGlobalSection
	GlobalSection(SolutionProperties) = preSolution
		HideSolutionNode = FALSE
	EndGlobalSection
	GlobalSection(ExtensibilityGlobals) = postSolution
		SolutionGuid = {0254C2A5-2A29-4E5C-B83D-3381B91315EE}
	EndGlobalSection
EndGlobal
